
Microsoft Visual Studio Solution File, Format Version 12.00
# Visual Studio 15
VisualStudioVersion = 15.0.28010.2019
MinimumVisualStudioVersion = 10.0.40219.1
Project("{FAE04EC0-301F-11D3-BF4B-00C04F79EFBC}") = "MApp.Android", "MApp\MApp.Android\MApp.Android.csproj", "{D92EC6F1-8B96-4DD8-A92B-3190273CC08B}"
EndProject
Project("{FAE04EC0-301F-11D3-BF4B-00C04F79EFBC}") = "MApp.iOS", "MApp\MApp.iOS\MApp.iOS.csproj", "{D532F59E-5AF0-410D-84EF-0CEEB72C3B79}"
EndProject
Project("{FAE04EC0-301F-11D3-BF4B-00C04F79EFBC}") = "MApp.UWP", "MApp\MApp.UWP\MApp.UWP.csproj", "{5B3946D7-1B84-4B36-B0D7-B4EA83250143}"
EndProject
Project("{FAE04EC0-301F-11D3-BF4B-00C04F79EFBC}") = "MApp", "MApp\MApp\MApp.csproj", "{5918CD67-DA31-4CB0-8492-74DA495EAA2F}"
EndProject
Global
	GlobalSection(SolutionConfigurationPlatforms) = preSolution
		Ad-Hoc|Any CPU = Ad-Hoc|Any CPU
		Ad-Hoc|ARM = Ad-Hoc|ARM
		Ad-Hoc|iPhone = Ad-Hoc|iPhone
		Ad-Hoc|iPhoneSimulator = Ad-Hoc|iPhoneSimulator
		Ad-Hoc|x64 = Ad-Hoc|x64
		Ad-Hoc|x86 = Ad-Hoc|x86
		AppStore|Any CPU = AppStore|Any CPU
		AppStore|ARM = AppStore|ARM
		AppStore|iPhone = AppStore|iPhone
		AppStore|iPhoneSimulator = AppStore|iPhoneSimulator
		AppStore|x64 = AppStore|x64
		AppStore|x86 = AppStore|x86
		Debug|Any CPU = Debug|Any CPU
		Debug|ARM = Debug|ARM
		Debug|iPhone = Debug|iPhone
		Debug|iPhoneSimulator = Debug|iPhoneSimulator
		Debug|x64 = Debug|x64
		Debug|x86 = Debug|x86
		Release|Any CPU = Release|Any CPU
		Release|ARM = Release|ARM
		Release|iPhone = Release|iPhone
		Release|iPhoneSimulator = Release|iPhoneSimulator
		Release|x64 = Release|x64
		Release|x86 = Release|x86
	EndGlobalSection
	GlobalSection(ProjectConfigurationPlatforms) = postSolution
		{D92EC6F1-8B96-4DD8-A92B-3190273CC08B}.Ad-Hoc|Any CPU.ActiveCfg = Release|Any CPU
		{D92EC6F1-8B96-4DD8-A92B-3190273CC08B}.Ad-Hoc|Any CPU.Build.0 = Release|Any CPU
		{D92EC6F1-8B96-4DD8-A92B-3190273CC08B}.Ad-Hoc|Any CPU.Deploy.0 = Release|Any CPU
		{D92EC6F1-8B96-4DD8-A92B-3190273CC08B}.Ad-Hoc|ARM.ActiveCfg = Release|Any CPU
		{D92EC6F1-8B96-4DD8-A92B-3190273CC08B}.Ad-Hoc|ARM.Build.0 = Release|Any CPU
		{D92EC6F1-8B96-4DD8-A92B-3190273CC08B}.Ad-Hoc|ARM.Deploy.0 = Release|Any CPU
		{D92EC6F1-8B96-4DD8-A92B-3190273CC08B}.Ad-Hoc|iPhone.ActiveCfg = Release|Any CPU
		{D92EC6F1-8B96-4DD8-A92B-3190273CC08B}.Ad-Hoc|iPhone.Build.0 = Release|Any CPU
		{D92EC6F1-8B96-4DD8-A92B-3190273CC08B}.Ad-Hoc|iPhone.Deploy.0 = Release|Any CPU
		{D92EC6F1-8B96-4DD8-A92B-3190273CC08B}.Ad-Hoc|iPhoneSimulator.ActiveCfg = Release|Any CPU
		{D92EC6F1-8B96-4DD8-A92B-3190273CC08B}.Ad-Hoc|iPhoneSimulator.Build.0 = Release|Any CPU
		{D92EC6F1-8B96-4DD8-A92B-3190273CC08B}.Ad-Hoc|iPhoneSimulator.Deploy.0 = Release|Any CPU
		{D92EC6F1-8B96-4DD8-A92B-3190273CC08B}.Ad-Hoc|x64.ActiveCfg = Release|Any CPU
		{D92EC6F1-8B96-4DD8-A92B-3190273CC08B}.Ad-Hoc|x64.Build.0 = Release|Any CPU
		{D92EC6F1-8B96-4DD8-A92B-3190273CC08B}.Ad-Hoc|x64.Deploy.0 = Release|Any CPU
		{D92EC6F1-8B96-4DD8-A92B-3190273CC08B}.Ad-Hoc|x86.ActiveCfg = Release|Any CPU
		{D92EC6F1-8B96-4DD8-A92B-3190273CC08B}.Ad-Hoc|x86.Build.0 = Release|Any CPU
		{D92EC6F1-8B96-4DD8-A92B-3190273CC08B}.Ad-Hoc|x86.Deploy.0 = Release|Any CPU
		{D92EC6F1-8B96-4DD8-A92B-3190273CC08B}.AppStore|Any CPU.ActiveCfg = Release|Any CPU
		{D92EC6F1-8B96-4DD8-A92B-3190273CC08B}.AppStore|Any CPU.Build.0 = Release|Any CPU
		{D92EC6F1-8B96-4DD8-A92B-3190273CC08B}.AppStore|Any CPU.Deploy.0 = Release|Any CPU
		{D92EC6F1-8B96-4DD8-A92B-3190273CC08B}.AppStore|ARM.ActiveCfg = Release|Any CPU
		{D92EC6F1-8B96-4DD8-A92B-3190273CC08B}.AppStore|ARM.Build.0 = Release|Any CPU
		{D92EC6F1-8B96-4DD8-A92B-3190273CC08B}.AppStore|ARM.Deploy.0 = Release|Any CPU
		{D92EC6F1-8B96-4DD8-A92B-3190273CC08B}.AppStore|iPhone.ActiveCfg = Release|Any CPU
		{D92EC6F1-8B96-4DD8-A92B-3190273CC08B}.AppStore|iPhone.Build.0 = Release|Any CPU
		{D92EC6F1-8B96-4DD8-A92B-3190273CC08B}.AppStore|iPhone.Deploy.0 = Release|Any CPU
		{D92EC6F1-8B96-4DD8-A92B-3190273CC08B}.AppStore|iPhoneSimulator.ActiveCfg = Release|Any CPU
		{D92EC6F1-8B96-4DD8-A92B-3190273CC08B}.AppStore|iPhoneSimulator.Build.0 = Release|Any CPU
		{D92EC6F1-8B96-4DD8-A92B-3190273CC08B}.AppStore|iPhoneSimulator.Deploy.0 = Release|Any CPU
		{D92EC6F1-8B96-4DD8-A92B-3190273CC08B}.AppStore|x64.ActiveCfg = Release|Any CPU
		{D92EC6F1-8B96-4DD8-A92B-3190273CC08B}.AppStore|x64.Build.0 = Release|Any CPU
		{D92EC6F1-8B96-4DD8-A92B-3190273CC08B}.AppStore|x64.Deploy.0 = Release|Any CPU
		{D92EC6F1-8B96-4DD8-A92B-3190273CC08B}.AppStore|x86.ActiveCfg = Release|Any CPU
		{D92EC6F1-8B96-4DD8-A92B-3190273CC08B}.AppStore|x86.Build.0 = Release|Any CPU
		{D92EC6F1-8B96-4DD8-A92B-3190273CC08B}.AppStore|x86.Deploy.0 = Release|Any CPU
		{D92EC6F1-8B96-4DD8-A92B-3190273CC08B}.Debug|Any CPU.ActiveCfg = Debug|Any CPU
		{D92EC6F1-8B96-4DD8-A92B-3190273CC08B}.Debug|Any CPU.Build.0 = Debug|Any CPU
		{D92EC6F1-8B96-4DD8-A92B-3190273CC08B}.Debug|Any CPU.Deploy.0 = Debug|Any CPU
		{D92EC6F1-8B96-4DD8-A92B-3190273CC08B}.Debug|ARM.ActiveCfg = Debug|Any CPU
		{D92EC6F1-8B96-4DD8-A92B-3190273CC08B}.Debug|ARM.Build.0 = Debug|Any CPU
		{D92EC6F1-8B96-4DD8-A92B-3190273CC08B}.Debug|ARM.Deploy.0 = Debug|Any CPU
		{D92EC6F1-8B96-4DD8-A92B-3190273CC08B}.Debug|iPhone.ActiveCfg = Debug|Any CPU
		{D92EC6F1-8B96-4DD8-A92B-3190273CC08B}.Debug|iPhone.Build.0 = Debug|Any CPU
		{D92EC6F1-8B96-4DD8-A92B-3190273CC08B}.Debug|iPhone.Deploy.0 = Debug|Any CPU
		{D92EC6F1-8B96-4DD8-A92B-3190273CC08B}.Debug|iPhoneSimulator.ActiveCfg = Debug|Any CPU
		{D92EC6F1-8B96-4DD8-A92B-3190273CC08B}.Debug|iPhoneSimulator.Build.0 = Debug|Any CPU
		{D92EC6F1-8B96-4DD8-A92B-3190273CC08B}.Debug|iPhoneSimulator.Deploy.0 = Debug|Any CPU
		{D92EC6F1-8B96-4DD8-A92B-3190273CC08B}.Debug|x64.ActiveCfg = Debug|Any CPU
		{D92EC6F1-8B96-4DD8-A92B-3190273CC08B}.Debug|x64.Build.0 = Debug|Any CPU
		{D92EC6F1-8B96-4DD8-A92B-3190273CC08B}.Debug|x64.Deploy.0 = Debug|Any CPU
		{D92EC6F1-8B96-4DD8-A92B-3190273CC08B}.Debug|x86.ActiveCfg = Debug|Any CPU
		{D92EC6F1-8B96-4DD8-A92B-3190273CC08B}.Debug|x86.Build.0 = Debug|Any CPU
		{D92EC6F1-8B96-4DD8-A92B-3190273CC08B}.Debug|x86.Deploy.0 = Debug|Any CPU
		{D92EC6F1-8B96-4DD8-A92B-3190273CC08B}.Release|Any CPU.ActiveCfg = Release|Any CPU
		{D92EC6F1-8B96-4DD8-A92B-3190273CC08B}.Release|Any CPU.Build.0 = Release|Any CPU
		{D92EC6F1-8B96-4DD8-A92B-3190273CC08B}.Release|Any CPU.Deploy.0 = Release|Any CPU
		{D92EC6F1-8B96-4DD8-A92B-3190273CC08B}.Release|ARM.ActiveCfg = Release|Any CPU
		{D92EC6F1-8B96-4DD8-A92B-3190273CC08B}.Release|ARM.Build.0 = Release|Any CPU
		{D92EC6F1-8B96-4DD8-A92B-3190273CC08B}.Release|ARM.Deploy.0 = Release|Any CPU
		{D92EC6F1-8B96-4DD8-A92B-3190273CC08B}.Release|iPhone.ActiveCfg = Release|Any CPU
		{D92EC6F1-8B96-4DD8-A92B-3190273CC08B}.Release|iPhone.Build.0 = Release|Any CPU
		{D92EC6F1-8B96-4DD8-A92B-3190273CC08B}.Release|iPhone.Deploy.0 = Release|Any CPU
		{D92EC6F1-8B96-4DD8-A92B-3190273CC08B}.Release|iPhoneSimulator.ActiveCfg = Release|Any CPU
		{D92EC6F1-8B96-4DD8-A92B-3190273CC08B}.Release|iPhoneSimulator.Build.0 = Release|Any CPU
		{D92EC6F1-8B96-4DD8-A92B-3190273CC08B}.Release|iPhoneSimulator.Deploy.0 = Release|Any CPU
		{D92EC6F1-8B96-4DD8-A92B-3190273CC08B}.Release|x64.ActiveCfg = Release|Any CPU
		{D92EC6F1-8B96-4DD8-A92B-3190273CC08B}.Release|x64.Build.0 = Release|Any CPU
		{D92EC6F1-8B96-4DD8-A92B-3190273CC08B}.Release|x64.Deploy.0 = Release|Any CPU
		{D92EC6F1-8B96-4DD8-A92B-3190273CC08B}.Release|x86.ActiveCfg = Release|Any CPU
		{D92EC6F1-8B96-4DD8-A92B-3190273CC08B}.Release|x86.Build.0 = Release|Any CPU
		{D92EC6F1-8B96-4DD8-A92B-3190273CC08B}.Release|x86.Deploy.0 = Release|Any CPU
		{D532F59E-5AF0-410D-84EF-0CEEB72C3B79}.Ad-Hoc|Any CPU.ActiveCfg = Ad-Hoc|iPhone
		{D532F59E-5AF0-410D-84EF-0CEEB72C3B79}.Ad-Hoc|Any CPU.Build.0 = Ad-Hoc|iPhone
		{D532F59E-5AF0-410D-84EF-0CEEB72C3B79}.Ad-Hoc|Any CPU.Deploy.0 = Ad-Hoc|iPhone
		{D532F59E-5AF0-410D-84EF-0CEEB72C3B79}.Ad-Hoc|ARM.ActiveCfg = Ad-Hoc|iPhone
		{D532F59E-5AF0-410D-84EF-0CEEB72C3B79}.Ad-Hoc|ARM.Build.0 = Ad-Hoc|iPhone
		{D532F59E-5AF0-410D-84EF-0CEEB72C3B79}.Ad-Hoc|ARM.Deploy.0 = Ad-Hoc|iPhone
		{D532F59E-5AF0-410D-84EF-0CEEB72C3B79}.Ad-Hoc|iPhone.ActiveCfg = Ad-Hoc|iPhone
		{D532F59E-5AF0-410D-84EF-0CEEB72C3B79}.Ad-Hoc|iPhone.Build.0 = Ad-Hoc|iPhone
		{D532F59E-5AF0-410D-84EF-0CEEB72C3B79}.Ad-Hoc|iPhone.Deploy.0 = Ad-Hoc|iPhone
		{D532F59E-5AF0-410D-84EF-0CEEB72C3B79}.Ad-Hoc|iPhoneSimulator.ActiveCfg = Ad-Hoc|iPhoneSimulator
		{D532F59E-5AF0-410D-84EF-0CEEB72C3B79}.Ad-Hoc|iPhoneSimulator.Build.0 = Ad-Hoc|iPhoneSimulator
		{D532F59E-5AF0-410D-84EF-0CEEB72C3B79}.Ad-Hoc|iPhoneSimulator.Deploy.0 = Ad-Hoc|iPhoneSimulator
		{D532F59E-5AF0-410D-84EF-0CEEB72C3B79}.Ad-Hoc|x64.ActiveCfg = Ad-Hoc|iPhone
		{D532F59E-5AF0-410D-84EF-0CEEB72C3B79}.Ad-Hoc|x64.Build.0 = Ad-Hoc|iPhone
		{D532F59E-5AF0-410D-84EF-0CEEB72C3B79}.Ad-Hoc|x64.Deploy.0 = Ad-Hoc|iPhone
		{D532F59E-5AF0-410D-84EF-0CEEB72C3B79}.Ad-Hoc|x86.ActiveCfg = Ad-Hoc|iPhone
		{D532F59E-5AF0-410D-84EF-0CEEB72C3B79}.Ad-Hoc|x86.Build.0 = Ad-Hoc|iPhone
		{D532F59E-5AF0-410D-84EF-0CEEB72C3B79}.Ad-Hoc|x86.Deploy.0 = Ad-Hoc|iPhone
		{D532F59E-5AF0-410D-84EF-0CEEB72C3B79}.AppStore|Any CPU.ActiveCfg = AppStore|iPhone
		{D532F59E-5AF0-410D-84EF-0CEEB72C3B79}.AppStore|Any CPU.Build.0 = AppStore|iPhone
		{D532F59E-5AF0-410D-84EF-0CEEB72C3B79}.AppStore|Any CPU.Deploy.0 = AppStore|iPhone
		{D532F59E-5AF0-410D-84EF-0CEEB72C3B79}.AppStore|ARM.ActiveCfg = AppStore|iPhone
		{D532F59E-5AF0-410D-84EF-0CEEB72C3B79}.AppStore|ARM.Build.0 = AppStore|iPhone
		{D532F59E-5AF0-410D-84EF-0CEEB72C3B79}.AppStore|ARM.Deploy.0 = AppStore|iPhone
		{D532F59E-5AF0-410D-84EF-0CEEB72C3B79}.AppStore|iPhone.ActiveCfg = AppStore|iPhone
		{D532F59E-5AF0-410D-84EF-0CEEB72C3B79}.AppStore|iPhone.Build.0 = AppStore|iPhone
		{D532F59E-5AF0-410D-84EF-0CEEB72C3B79}.AppStore|iPhone.Deploy.0 = AppStore|iPhone
		{D532F59E-5AF0-410D-84EF-0CEEB72C3B79}.AppStore|iPhoneSimulator.ActiveCfg = AppStore|iPhoneSimulator
		{D532F59E-5AF0-410D-84EF-0CEEB72C3B79}.AppStore|iPhoneSimulator.Build.0 = AppStore|iPhoneSimulator
		{D532F59E-5AF0-410D-84EF-0CEEB72C3B79}.AppStore|iPhoneSimulator.Deploy.0 = AppStore|iPhoneSimulator
		{D532F59E-5AF0-410D-84EF-0CEEB72C3B79}.AppStore|x64.ActiveCfg = AppStore|iPhone
		{D532F59E-5AF0-410D-84EF-0CEEB72C3B79}.AppStore|x64.Build.0 = AppStore|iPhone
		{D532F59E-5AF0-410D-84EF-0CEEB72C3B79}.AppStore|x64.Deploy.0 = AppStore|iPhone
		{D532F59E-5AF0-410D-84EF-0CEEB72C3B79}.AppStore|x86.ActiveCfg = AppStore|iPhone
		{D532F59E-5AF0-410D-84EF-0CEEB72C3B79}.AppStore|x86.Build.0 = AppStore|iPhone
		{D532F59E-5AF0-410D-84EF-0CEEB72C3B79}.AppStore|x86.Deploy.0 = AppStore|iPhone
		{D532F59E-5AF0-410D-84EF-0CEEB72C3B79}.Debug|Any CPU.ActiveCfg = Debug|iPhoneSimulator
		{D532F59E-5AF0-410D-84EF-0CEEB72C3B79}.Debug|Any CPU.Build.0 = Debug|iPhoneSimulator
		{D532F59E-5AF0-410D-84EF-0CEEB72C3B79}.Debug|Any CPU.Deploy.0 = Debug|iPhoneSimulator
		{D532F59E-5AF0-410D-84EF-0CEEB72C3B79}.Debug|ARM.ActiveCfg = Debug|iPhone
		{D532F59E-5AF0-410D-84EF-0CEEB72C3B79}.Debug|ARM.Build.0 = Debug|iPhone
		{D532F59E-5AF0-410D-84EF-0CEEB72C3B79}.Debug|ARM.Deploy.0 = Debug|iPhone
		{D532F59E-5AF0-410D-84EF-0CEEB72C3B79}.Debug|iPhone.ActiveCfg = Debug|iPhone
		{D532F59E-5AF0-410D-84EF-0CEEB72C3B79}.Debug|iPhone.Build.0 = Debug|iPhone
		{D532F59E-5AF0-410D-84EF-0CEEB72C3B79}.Debug|iPhone.Deploy.0 = Debug|iPhone
		{D532F59E-5AF0-410D-84EF-0CEEB72C3B79}.Debug|iPhoneSimulator.ActiveCfg = Debug|iPhoneSimulator
		{D532F59E-5AF0-410D-84EF-0CEEB72C3B79}.Debug|iPhoneSimulator.Build.0 = Debug|iPhoneSimulator
		{D532F59E-5AF0-410D-84EF-0CEEB72C3B79}.Debug|iPhoneSimulator.Deploy.0 = Debug|iPhoneSimulator
		{D532F59E-5AF0-410D-84EF-0CEEB72C3B79}.Debug|x64.ActiveCfg = Debug|iPhone
		{D532F59E-5AF0-410D-84EF-0CEEB72C3B79}.Debug|x64.Build.0 = Debug|iPhone
		{D532F59E-5AF0-410D-84EF-0CEEB72C3B79}.Debug|x64.Deploy.0 = Debug|iPhone
		{D532F59E-5AF0-410D-84EF-0CEEB72C3B79}.Debug|x86.ActiveCfg = Debug|iPhone
		{D532F59E-5AF0-410D-84EF-0CEEB72C3B79}.Debug|x86.Build.0 = Debug|iPhone
		{D532F59E-5AF0-410D-84EF-0CEEB72C3B79}.Debug|x86.Deploy.0 = Debug|iPhone
		{D532F59E-5AF0-410D-84EF-0CEEB72C3B79}.Release|Any CPU.ActiveCfg = Release|iPhone
		{D532F59E-5AF0-410D-84EF-0CEEB72C3B79}.Release|Any CPU.Build.0 = Release|iPhone
		{D532F59E-5AF0-410D-84EF-0CEEB72C3B79}.Release|Any CPU.Deploy.0 = Release|iPhone
		{D532F59E-5AF0-410D-84EF-0CEEB72C3B79}.Release|ARM.ActiveCfg = Release|iPhone
		{D532F59E-5AF0-410D-84EF-0CEEB72C3B79}.Release|ARM.Build.0 = Release|iPhone
		{D532F59E-5AF0-410D-84EF-0CEEB72C3B79}.Release|ARM.Deploy.0 = Release|iPhone
		{D532F59E-5AF0-410D-84EF-0CEEB72C3B79}.Release|iPhone.ActiveCfg = Release|iPhone
		{D532F59E-5AF0-410D-84EF-0CEEB72C3B79}.Release|iPhone.Build.0 = Release|iPhone
		{D532F59E-5AF0-410D-84EF-0CEEB72C3B79}.Release|iPhone.Deploy.0 = Release|iPhone
		{D532F59E-5AF0-410D-84EF-0CEEB72C3B79}.Release|iPhoneSimulator.ActiveCfg = Release|iPhoneSimulator
		{D532F59E-5AF0-410D-84EF-0CEEB72C3B79}.Release|iPhoneSimulator.Build.0 = Release|iPhoneSimulator
		{D532F59E-5AF0-410D-84EF-0CEEB72C3B79}.Release|iPhoneSimulator.Deploy.0 = Release|iPhoneSimulator
		{D532F59E-5AF0-410D-84EF-0CEEB72C3B79}.Release|x64.ActiveCfg = Release|iPhone
		{D532F59E-5AF0-410D-84EF-0CEEB72C3B79}.Release|x64.Build.0 = Release|iPhone
		{D532F59E-5AF0-410D-84EF-0CEEB72C3B79}.Release|x64.Deploy.0 = Release|iPhone
		{D532F59E-5AF0-410D-84EF-0CEEB72C3B79}.Release|x86.ActiveCfg = Release|iPhone
		{D532F59E-5AF0-410D-84EF-0CEEB72C3B79}.Release|x86.Build.0 = Release|iPhone
		{D532F59E-5AF0-410D-84EF-0CEEB72C3B79}.Release|x86.Deploy.0 = Release|iPhone
		{5B3946D7-1B84-4B36-B0D7-B4EA83250143}.Ad-Hoc|Any CPU.ActiveCfg = Release|x86
		{5B3946D7-1B84-4B36-B0D7-B4EA83250143}.Ad-Hoc|Any CPU.Build.0 = Release|x86
		{5B3946D7-1B84-4B36-B0D7-B4EA83250143}.Ad-Hoc|Any CPU.Deploy.0 = Release|x86
		{5B3946D7-1B84-4B36-B0D7-B4EA83250143}.Ad-Hoc|ARM.ActiveCfg = Release|ARM
		{5B3946D7-1B84-4B36-B0D7-B4EA83250143}.Ad-Hoc|ARM.Build.0 = Release|ARM
		{5B3946D7-1B84-4B36-B0D7-B4EA83250143}.Ad-Hoc|ARM.Deploy.0 = Release|ARM
		{5B3946D7-1B84-4B36-B0D7-B4EA83250143}.Ad-Hoc|iPhone.ActiveCfg = Release|x86
		{5B3946D7-1B84-4B36-B0D7-B4EA83250143}.Ad-Hoc|iPhone.Build.0 = Release|x86
		{5B3946D7-1B84-4B36-B0D7-B4EA83250143}.Ad-Hoc|iPhone.Deploy.0 = Release|x86
		{5B3946D7-1B84-4B36-B0D7-B4EA83250143}.Ad-Hoc|iPhoneSimulator.ActiveCfg = Release|x86
		{5B3946D7-1B84-4B36-B0D7-B4EA83250143}.Ad-Hoc|iPhoneSimulator.Build.0 = Release|x86
		{5B3946D7-1B84-4B36-B0D7-B4EA83250143}.Ad-Hoc|iPhoneSimulator.Deploy.0 = Release|x86
		{5B3946D7-1B84-4B36-B0D7-B4EA83250143}.Ad-Hoc|x64.ActiveCfg = Release|x64
		{5B3946D7-1B84-4B36-B0D7-B4EA83250143}.Ad-Hoc|x64.Build.0 = Release|x64
		{5B3946D7-1B84-4B36-B0D7-B4EA83250143}.Ad-Hoc|x64.Deploy.0 = Release|x64
		{5B3946D7-1B84-4B36-B0D7-B4EA83250143}.Ad-Hoc|x86.ActiveCfg = Release|x86
		{5B3946D7-1B84-4B36-B0D7-B4EA83250143}.Ad-Hoc|x86.Build.0 = Release|x86
		{5B3946D7-1B84-4B36-B0D7-B4EA83250143}.Ad-Hoc|x86.Deploy.0 = Release|x86
		{5B3946D7-1B84-4B36-B0D7-B4EA83250143}.AppStore|Any CPU.ActiveCfg = Release|x86
		{5B3946D7-1B84-4B36-B0D7-B4EA83250143}.AppStore|Any CPU.Build.0 = Release|x86
		{5B3946D7-1B84-4B36-B0D7-B4EA83250143}.AppStore|Any CPU.Deploy.0 = Release|x86
		{5B3946D7-1B84-4B36-B0D7-B4EA83250143}.AppStore|ARM.ActiveCfg = Release|ARM
		{5B3946D7-1B84-4B36-B0D7-B4EA83250143}.AppStore|ARM.Build.0 = Release|ARM
		{5B3946D7-1B84-4B36-B0D7-B4EA83250143}.AppStore|ARM.Deploy.0 = Release|ARM
		{5B3946D7-1B84-4B36-B0D7-B4EA83250143}.AppStore|iPhone.ActiveCfg = Release|x86
		{5B3946D7-1B84-4B36-B0D7-B4EA83250143}.AppStore|iPhone.Build.0 = Release|x86
		{5B3946D7-1B84-4B36-B0D7-B4EA83250143}.AppStore|iPhone.Deploy.0 = Release|x86
		{5B3946D7-1B84-4B36-B0D7-B4EA83250143}.AppStore|iPhoneSimulator.ActiveCfg = Release|x86
		{5B3946D7-1B84-4B36-B0D7-B4EA83250143}.AppStore|iPhoneSimulator.Build.0 = Release|x86
		{5B3946D7-1B84-4B36-B0D7-B4EA83250143}.AppStore|iPhoneSimulator.Deploy.0 = Release|x86
		{5B3946D7-1B84-4B36-B0D7-B4EA83250143}.AppStore|x64.ActiveCfg = Release|x64
		{5B3946D7-1B84-4B36-B0D7-B4EA83250143}.AppStore|x64.Build.0 = Release|x64
		{5B3946D7-1B84-4B36-B0D7-B4EA83250143}.AppStore|x64.Deploy.0 = Release|x64
		{5B3946D7-1B84-4B36-B0D7-B4EA83250143}.AppStore|x86.ActiveCfg = Release|x86
		{5B3946D7-1B84-4B36-B0D7-B4EA83250143}.AppStore|x86.Build.0 = Release|x86
		{5B3946D7-1B84-4B36-B0D7-B4EA83250143}.AppStore|x86.Deploy.0 = Release|x86
		{5B3946D7-1B84-4B36-B0D7-B4EA83250143}.Debug|Any CPU.ActiveCfg = Debug|x86
		{5B3946D7-1B84-4B36-B0D7-B4EA83250143}.Debug|Any CPU.Build.0 = Debug|x86
		{5B3946D7-1B84-4B36-B0D7-B4EA83250143}.Debug|Any CPU.Deploy.0 = Debug|x86
		{5B3946D7-1B84-4B36-B0D7-B4EA83250143}.Debug|ARM.ActiveCfg = Debug|ARM
		{5B3946D7-1B84-4B36-B0D7-B4EA83250143}.Debug|ARM.Build.0 = Debug|ARM
		{5B3946D7-1B84-4B36-B0D7-B4EA83250143}.Debug|ARM.Deploy.0 = Debug|ARM
		{5B3946D7-1B84-4B36-B0D7-B4EA83250143}.Debug|iPhone.ActiveCfg = Debug|x86
		{5B3946D7-1B84-4B36-B0D7-B4EA83250143}.Debug|iPhone.Build.0 = Debug|x86
		{5B3946D7-1B84-4B36-B0D7-B4EA83250143}.Debug|iPhone.Deploy.0 = Debug|x86
		{5B3946D7-1B84-4B36-B0D7-B4EA83250143}.Debug|iPhoneSimulator.ActiveCfg = Debug|x86
		{5B3946D7-1B84-4B36-B0D7-B4EA83250143}.Debug|iPhoneSimulator.Build.0 = Debug|x86
		{5B3946D7-1B84-4B36-B0D7-B4EA83250143}.Debug|iPhoneSimulator.Deploy.0 = Debug|x86
		{5B3946D7-1B84-4B36-B0D7-B4EA83250143}.Debug|x64.ActiveCfg = Debug|x64
		{5B3946D7-1B84-4B36-B0D7-B4EA83250143}.Debug|x64.Build.0 = Debug|x64
		{5B3946D7-1B84-4B36-B0D7-B4EA83250143}.Debug|x64.Deploy.0 = Debug|x64
		{5B3946D7-1B84-4B36-B0D7-B4EA83250143}.Debug|x86.ActiveCfg = Debug|x86
		{5B3946D7-1B84-4B36-B0D7-B4EA83250143}.Debug|x86.Build.0 = Debug|x86
		{5B3946D7-1B84-4B36-B0D7-B4EA83250143}.Debug|x86.Deploy.0 = Debug|x86
		{5B3946D7-1B84-4B36-B0D7-B4EA83250143}.Release|Any CPU.ActiveCfg = Release|x86
		{5B3946D7-1B84-4B36-B0D7-B4EA83250143}.Release|Any CPU.Build.0 = Release|x86
		{5B3946D7-1B84-4B36-B0D7-B4EA83250143}.Release|Any CPU.Deploy.0 = Release|x86
		{5B3946D7-1B84-4B36-B0D7-B4EA83250143}.Release|ARM.ActiveCfg = Release|ARM
		{5B3946D7-1B84-4B36-B0D7-B4EA83250143}.Release|ARM.Build.0 = Release|ARM
		{5B3946D7-1B84-4B36-B0D7-B4EA83250143}.Release|ARM.Deploy.0 = Release|ARM
		{5B3946D7-1B84-4B36-B0D7-B4EA83250143}.Release|iPhone.ActiveCfg = Release|x86
		{5B3946D7-1B84-4B36-B0D7-B4EA83250143}.Release|iPhone.Build.0 = Release|x86
		{5B3946D7-1B84-4B36-B0D7-B4EA83250143}.Release|iPhone.Deploy.0 = Release|x86
		{5B3946D7-1B84-4B36-B0D7-B4EA83250143}.Release|iPhoneSimulator.ActiveCfg = Release|x86
		{5B3946D7-1B84-4B36-B0D7-B4EA83250143}.Release|iPhoneSimulator.Build.0 = Release|x86
		{5B3946D7-1B84-4B36-B0D7-B4EA83250143}.Release|iPhoneSimulator.Deploy.0 = Release|x86
		{5B3946D7-1B84-4B36-B0D7-B4EA83250143}.Release|x64.ActiveCfg = Release|x64
		{5B3946D7-1B84-4B36-B0D7-B4EA83250143}.Release|x64.Build.0 = Release|x64
		{5B3946D7-1B84-4B36-B0D7-B4EA83250143}.Release|x64.Deploy.0 = Release|x64
		{5B3946D7-1B84-4B36-B0D7-B4EA83250143}.Release|x86.ActiveCfg = Release|x86
		{5B3946D7-1B84-4B36-B0D7-B4EA83250143}.Release|x86.Build.0 = Release|x86
		{5B3946D7-1B84-4B36-B0D7-B4EA83250143}.Release|x86.Deploy.0 = Release|x86
		{5918CD67-DA31-4CB0-8492-74DA495EAA2F}.Ad-Hoc|Any CPU.ActiveCfg = Debug|Any CPU
		{5918CD67-DA31-4CB0-8492-74DA495EAA2F}.Ad-Hoc|Any CPU.Build.0 = Debug|Any CPU
		{5918CD67-DA31-4CB0-8492-74DA495EAA2F}.Ad-Hoc|Any CPU.Deploy.0 = Debug|Any CPU
		{5918CD67-DA31-4CB0-8492-74DA495EAA2F}.Ad-Hoc|ARM.ActiveCfg = Debug|Any CPU
		{5918CD67-DA31-4CB0-8492-74DA495EAA2F}.Ad-Hoc|ARM.Build.0 = Debug|Any CPU
		{5918CD67-DA31-4CB0-8492-74DA495EAA2F}.Ad-Hoc|ARM.Deploy.0 = Debug|Any CPU
		{5918CD67-DA31-4CB0-8492-74DA495EAA2F}.Ad-Hoc|iPhone.ActiveCfg = Debug|Any CPU
		{5918CD67-DA31-4CB0-8492-74DA495EAA2F}.Ad-Hoc|iPhone.Build.0 = Debug|Any CPU
		{5918CD67-DA31-4CB0-8492-74DA495EAA2F}.Ad-Hoc|iPhone.Deploy.0 = Debug|Any CPU
		{5918CD67-DA31-4CB0-8492-74DA495EAA2F}.Ad-Hoc|iPhoneSimulator.ActiveCfg = Debug|Any CPU
		{5918CD67-DA31-4CB0-8492-74DA495EAA2F}.Ad-Hoc|iPhoneSimulator.Build.0 = Debug|Any CPU
		{5918CD67-DA31-4CB0-8492-74DA495EAA2F}.Ad-Hoc|iPhoneSimulator.Deploy.0 = Debug|Any CPU
		{5918CD67-DA31-4CB0-8492-74DA495EAA2F}.Ad-Hoc|x64.ActiveCfg = Debug|Any CPU
		{5918CD67-DA31-4CB0-8492-74DA495EAA2F}.Ad-Hoc|x64.Build.0 = Debug|Any CPU
		{5918CD67-DA31-4CB0-8492-74DA495EAA2F}.Ad-Hoc|x64.Deploy.0 = Debug|Any CPU
		{5918CD67-DA31-4CB0-8492-74DA495EAA2F}.Ad-Hoc|x86.ActiveCfg = Debug|Any CPU
		{5918CD67-DA31-4CB0-8492-74DA495EAA2F}.Ad-Hoc|x86.Build.0 = Debug|Any CPU
		{5918CD67-DA31-4CB0-8492-74DA495EAA2F}.Ad-Hoc|x86.Deploy.0 = Debug|Any CPU
		{5918CD67-DA31-4CB0-8492-74DA495EAA2F}.AppStore|Any CPU.ActiveCfg = Debug|Any CPU
		{5918CD67-DA31-4CB0-8492-74DA495EAA2F}.AppStore|Any CPU.Build.0 = Debug|Any CPU
		{5918CD67-DA31-4CB0-8492-74DA495EAA2F}.AppStore|Any CPU.Deploy.0 = Debug|Any CPU
		{5918CD67-DA31-4CB0-8492-74DA495EAA2F}.AppStore|ARM.ActiveCfg = Debug|Any CPU
		{5918CD67-DA31-4CB0-8492-74DA495EAA2F}.AppStore|ARM.Build.0 = Debug|Any CPU
		{5918CD67-DA31-4CB0-8492-74DA495EAA2F}.AppStore|ARM.Deploy.0 = Debug|Any CPU
		{5918CD67-DA31-4CB0-8492-74DA495EAA2F}.AppStore|iPhone.ActiveCfg = Debug|Any CPU
		{5918CD67-DA31-4CB0-8492-74DA495EAA2F}.AppStore|iPhone.Build.0 = Debug|Any CPU
		{5918CD67-DA31-4CB0-8492-74DA495EAA2F}.AppStore|iPhone.Deploy.0 = Debug|Any CPU
		{5918CD67-DA31-4CB0-8492-74DA495EAA2F}.AppStore|iPhoneSimulator.ActiveCfg = Debug|Any CPU
		{5918CD67-DA31-4CB0-8492-74DA495EAA2F}.AppStore|iPhoneSimulator.Build.0 = Debug|Any CPU
		{5918CD67-DA31-4CB0-8492-74DA495EAA2F}.AppStore|iPhoneSimulator.Deploy.0 = Debug|Any CPU
		{5918CD67-DA31-4CB0-8492-74DA495EAA2F}.AppStore|x64.ActiveCfg = Debug|Any CPU
		{5918CD67-DA31-4CB0-8492-74DA495EAA2F}.AppStore|x64.Build.0 = Debug|Any CPU
		{5918CD67-DA31-4CB0-8492-74DA495EAA2F}.AppStore|x64.Deploy.0 = Debug|Any CPU
		{5918CD67-DA31-4CB0-8492-74DA495EAA2F}.AppStore|x86.ActiveCfg = Debug|Any CPU
		{5918CD67-DA31-4CB0-8492-74DA495EAA2F}.AppStore|x86.Build.0 = Debug|Any CPU
		{5918CD67-DA31-4CB0-8492-74DA495EAA2F}.AppStore|x86.Deploy.0 = Debug|Any CPU
		{5918CD67-DA31-4CB0-8492-74DA495EAA2F}.Debug|Any CPU.ActiveCfg = Debug|Any CPU
		{5918CD67-DA31-4CB0-8492-74DA495EAA2F}.Debug|Any CPU.Build.0 = Debug|Any CPU
		{5918CD67-DA31-4CB0-8492-74DA495EAA2F}.Debug|Any CPU.Deploy.0 = Debug|Any CPU
		{5918CD67-DA31-4CB0-8492-74DA495EAA2F}.Debug|ARM.ActiveCfg = Debug|Any CPU
		{5918CD67-DA31-4CB0-8492-74DA495EAA2F}.Debug|ARM.Build.0 = Debug|Any CPU
		{5918CD67-DA31-4CB0-8492-74DA495EAA2F}.Debug|ARM.Deploy.0 = Debug|Any CPU
		{5918CD67-DA31-4CB0-8492-74DA495EAA2F}.Debug|iPhone.ActiveCfg = Debug|Any CPU
		{5918CD67-DA31-4CB0-8492-74DA495EAA2F}.Debug|iPhone.Build.0 = Debug|Any CPU
		{5918CD67-DA31-4CB0-8492-74DA495EAA2F}.Debug|iPhone.Deploy.0 = Debug|Any CPU
		{5918CD67-DA31-4CB0-8492-74DA495EAA2F}.Debug|iPhoneSimulator.ActiveCfg = Debug|Any CPU
		{5918CD67-DA31-4CB0-8492-74DA495EAA2F}.Debug|iPhoneSimulator.Build.0 = Debug|Any CPU
		{5918CD67-DA31-4CB0-8492-74DA495EAA2F}.Debug|iPhoneSimulator.Deploy.0 = Debug|Any CPU
		{5918CD67-DA31-4CB0-8492-74DA495EAA2F}.Debug|x64.ActiveCfg = Debug|Any CPU
		{5918CD67-DA31-4CB0-8492-74DA495EAA2F}.Debug|x64.Build.0 = Debug|Any CPU
		{5918CD67-DA31-4CB0-8492-74DA495EAA2F}.Debug|x64.Deploy.0 = Debug|Any CPU
		{5918CD67-DA31-4CB0-8492-74DA495EAA2F}.Debug|x86.ActiveCfg = Debug|Any CPU
		{5918CD67-DA31-4CB0-8492-74DA495EAA2F}.Debug|x86.Build.0 = Debug|Any CPU
		{5918CD67-DA31-4CB0-8492-74DA495EAA2F}.Debug|x86.Deploy.0 = Debug|Any CPU
		{5918CD67-DA31-4CB0-8492-74DA495EAA2F}.Release|Any CPU.ActiveCfg = Release|Any CPU
		{5918CD67-DA31-4CB0-8492-74DA495EAA2F}.Release|Any CPU.Build.0 = Release|Any CPU
		{5918CD67-DA31-4CB0-8492-74DA495EAA2F}.Release|Any CPU.Deploy.0 = Release|Any CPU
		{5918CD67-DA31-4CB0-8492-74DA495EAA2F}.Release|ARM.ActiveCfg = Release|Any CPU
		{5918CD67-DA31-4CB0-8492-74DA495EAA2F}.Release|ARM.Build.0 = Release|Any CPU
		{5918CD67-DA31-4CB0-8492-74DA495EAA2F}.Release|ARM.Deploy.0 = Release|Any CPU
		{5918CD67-DA31-4CB0-8492-74DA495EAA2F}.Release|iPhone.ActiveCfg = Release|Any CPU
		{5918CD67-DA31-4CB0-8492-74DA495EAA2F}.Release|iPhone.Build.0 = Release|Any CPU
		{5918CD67-DA31-4CB0-8492-74DA495EAA2F}.Release|iPhone.Deploy.0 = Release|Any CPU
		{5918CD67-DA31-4CB0-8492-74DA495EAA2F}.Release|iPhoneSimulator.ActiveCfg = Release|Any CPU
		{5918CD67-DA31-4CB0-8492-74DA495EAA2F}.Release|iPhoneSimulator.Build.0 = Release|Any CPU
		{5918CD67-DA31-4CB0-8492-74DA495EAA2F}.Release|iPhoneSimulator.Deploy.0 = Release|Any CPU
		{5918CD67-DA31-4CB0-8492-74DA495EAA2F}.Release|x64.ActiveCfg = Release|Any CPU
		{5918CD67-DA31-4CB0-8492-74DA495EAA2F}.Release|x64.Build.0 = Release|Any CPU
		{5918CD67-DA31-4CB0-8492-74DA495EAA2F}.Release|x64.Deploy.0 = Release|Any CPU
		{5918CD67-DA31-4CB0-8492-74DA495EAA2F}.Release|x86.ActiveCfg = Release|Any CPU
		{5918CD67-DA31-4CB0-8492-74DA495EAA2F}.Release|x86.Build.0 = Release|Any CPU
		{5918CD67-DA31-4CB0-8492-74DA495EAA2F}.Release|x86.Deploy.0 = Release|Any CPU
	EndGlobalSection
	GlobalSection(SolutionProperties) = preSolution
		HideSolutionNode = FALSE
	EndGlobalSection
	GlobalSection(ExtensibilityGlobals) = postSolution
		SolutionGuid = {208EE184-4A95-4936-A2C1-281CA7E1CEEF}
	EndGlobalSection
EndGlobal
